
Microsoft Visual Studio Solution File, Format Version 12.00
# Visual Studio Version 16
VisualStudioVersion = 16.0.29728.190
MinimumVisualStudioVersion = 10.0.40219.1
Project("{8BC9CEB8-8B4A-11D0-8D11-00A0C91BC942}") = "sort_race", "sort_race.vcxproj", "{ABA3C79A-6330-469F-94EB-C9B9FA7DEE0B}"
EndProject
Global
	GlobalSection(SolutionConfigurationPlatforms) = preSolution
		Debug|x64 = Debug|x64
		Debug|x86 = Debug|x86
		Release|x64 = Release|x64
		Release|x86 = Release|x86
	EndGlobalSection
	GlobalSection(ProjectConfigurationPlatforms) = postSolution
		{ABA3C79A-6330-469F-94EB-C9B9FA7DEE0B}.Debug|x64.ActiveCfg = Debug|x64
		{ABA3C79A-6330-469F-94EB-C9B9FA7DEE0B}.Debug|x64.Build.0 = Debug|x64
		{ABA3C79A-6330-469F-94EB-C9B9FA7DEE0B}.Debug|x86.ActiveCfg = Debug|Win32
		{ABA3C79A-6330-469F-94EB-C9B9FA7DEE0B}.Debug|x86.Build.0 = Debug|Win32
		{ABA3C79A-6330-469F-94EB-C9B9FA7DEE0B}.Release|x64.ActiveCfg = Release|x64
		{ABA3C79A-6330-469F-94EB-C9B9FA7DEE0B}.Release|x64.Build.0 = Release|x64
		{ABA3C79A-6330-469F-94EB-C9B9FA7DEE0B}.Release|x86.ActiveCfg = Release|Win32
		{ABA3C79A-6330-469F-94EB-C9B9FA7DEE0B}.Release|x86.Build.0 = Release|Win32
	EndGlobalSection
	GlobalSection(SolutionProperties) = preSolution
		HideSolutionNode = FALSE
	EndGlobalSection
	GlobalSection(ExtensibilityGlobals) = postSolution
		SolutionGuid = {41AD5FB4-E0E2-459C-9BD7-1682F42EB08E}
	EndGlobalSection
EndGlobal
