<?xml version="1.0" encoding="utf-8"?>
<Project ToolsVersion="4.0" xmlns="http://schemas.microsoft.com/developer/msbuild/2003">
  <ItemGroup>
    <ClCompile Include="sort_race.cpp" />
    <ClCompile Include="binaryheap_bySalikhova.cpp">
      <Filter>AkhmatzyanovTeam</Filter>
    </ClCompile>
    <ClCompile Include="combSortByIsmailova.cpp">
      <Filter>AkhmatzyanovTeam</Filter>
    </ClCompile>
    <ClCompile Include="MergSortByBurlin.cpp">
      <Filter>AkhmatzyanovTeam</Filter>
    </ClCompile>
    <ClCompile Include="quickSortByAhmatzyanov.cpp">
      <Filter>AkhmatzyanovTeam</Filter>
    </ClCompile>
    <ClCompile Include="timsortByTaishev.cpp">
      <Filter>AkhmatzyanovTeam</Filter>
    </ClCompile>
    <ClCompile Include="tm_datasets.cpp">
      <Filter>TM</Filter>
    </ClCompile>
    <ClCompile Include="std_sort.cpp">
      <Filter>TM</Filter>
    </ClCompile>
  </ItemGroup>
  <ItemGroup>
    <ClInclude Include="DataSetRegister.h" />
    <ClInclude Include="DataSets.h" />
    <ClInclude Include="Participants.h" />
  </ItemGroup>
  <ItemGroup>
    <Filter Include="AkhmatzyanovTeam">
      <UniqueIdentifier>{b96c2b2c-490c-4b11-90c2-5579da6039aa}</UniqueIdentifier>
    </Filter>
    <Filter Include="TM">
      <UniqueIdentifier>{6213113b-9b1e-47b3-8561-b2a75b9a3555}</UniqueIdentifier>
    </Filter>
  </ItemGroup>
</Project>