<?xml version="1.0" encoding="utf-8"?>
<Project ToolsVersion="4.0" xmlns="http://schemas.microsoft.com/developer/msbuild/2003">
  <ItemGroup>
    <ClCompile Include="MergSortByBurlin.cpp" />
    <ClCompile Include="binaryheap_bySalikhova.cpp" />
    <ClCompile Include="combSortByIsmailova.cpp" />
    <ClCompile Include="sort_race.cpp" />
    <ClCompile Include="std_sort.cpp" />
    <ClCompile Include="test_run.cpp" />
    <ClCompile Include="quickSortByAhmatzyanov.cpp" />
  </ItemGroup>
  <ItemGroup>
    <ClInclude Include="utils.h" />
  </ItemGroup>
</Project>